# THIS IS AN AUTOGENERATED FILE. DO NOT EDIT THIS FILE DIRECTLY.
# yarn lockfile v1


"@rollup/pluginutils@^4.2.1":
  version "4.2.1"
  resolved "https://artifactory.int.openbet.com:443/artifactory/api/npm/all-npm/@rollup/pluginutils/-/pluginutils-4.2.1.tgz#e6c6c3aba0744edce3fb2074922d3776c0af2a6d"
  integrity sha1-5sbDq6B0Ttzj+yB0ki03dsCvKm0=
  dependencies:
    estree-walker "^2.0.1"
    picomatch "^2.2.2"

"@sveltejs/vite-plugin-svelte@^1.0.0-next.30":
  version "1.0.0-next.49"
  resolved "https://artifactory.int.openbet.com:443/artifactory/api/npm/all-npm/@sveltejs/vite-plugin-svelte/-/vite-plugin-svelte-1.0.0-next.49.tgz#44cc00a19c6c23002516b66c5ab90ee66720df57"
  integrity sha1-RMwAoZxsIwAlFrZsWrkO5mcg31c=
  dependencies:
    "@rollup/pluginutils" "^4.2.1"
    debug "^4.3.4"
    deepmerge "^4.2.2"
    kleur "^4.1.4"
    magic-string "^0.26.2"
    svelte-hmr "^0.14.12"

debug@^4.3.4:
  version "4.3.4"
  resolved "https://artifactory.int.openbet.com:443/artifactory/api/npm/all-npm/debug/-/debug-4.3.4.tgz#1319f6579357f2338d3337d2cdd4914bb5dcc865"
  integrity sha1-Exn2V5NX8jONMzfSzdSRS7XcyGU=
  dependencies:
    ms "2.1.2"

deepmerge@^4.2.2:
  version "4.2.2"
  resolved "https://artifactory.int.openbet.com:443/artifactory/api/npm/all-npm/deepmerge/-/deepmerge-4.2.2.tgz#44d2ea3679b8f4d4ffba33f03d865fc1e7bf4955"
  integrity sha1-RNLqNnm49NT/ujPwPYZfwee/SVU=

esbuild-android-64@0.14.48:
  version "0.14.48"
  resolved "https://artifactory.int.openbet.com:443/artifactory/api/npm/all-npm/esbuild-android-64/-/esbuild-android-64-0.14.48.tgz#7e6394a0e517f738641385aaf553c7e4fb6d1ae3"
  integrity sha1-fmOUoOUX9zhkE4Wq9VPH5PttGuM=

esbuild-android-arm64@0.14.48:
  version "0.14.48"
  resolved "https://artifactory.int.openbet.com:443/artifactory/api/npm/all-npm/esbuild-android-arm64/-/esbuild-android-arm64-0.14.48.tgz#6877566be0f82dd5a43030c0007d06ece7f7c02f"
  integrity sha1-aHdWa+D4LdWkMDDAAH0G7Of3wC8=

esbuild-darwin-64@0.14.48:
  version "0.14.48"
  resolved "https://artifactory.int.openbet.com:443/artifactory/api/npm/all-npm/esbuild-darwin-64/-/esbuild-darwin-64-0.14.48.tgz#ea3caddb707d88f844b1aa1dea5ff3b0a71ef1fd"
  integrity sha1-6jyt23B9iPhEsaod6l/zsKce8f0=

esbuild-darwin-arm64@0.14.48:
  version "0.14.48"
  resolved "https://artifactory.int.openbet.com:443/artifactory/api/npm/all-npm/esbuild-darwin-arm64/-/esbuild-darwin-arm64-0.14.48.tgz#4e5eaab54df66cc319b76a2ac0e8af4e6f0d9c2f"
  integrity sha1-Tl6qtU32bMMZt2oqwOivTm8NnC8=

esbuild-freebsd-64@0.14.48:
  version "0.14.48"
  resolved "https://artifactory.int.openbet.com:443/artifactory/api/npm/all-npm/esbuild-freebsd-64/-/esbuild-freebsd-64-0.14.48.tgz#47b5abc7426eae66861490ffbb380acc67af5b15"
  integrity sha1-R7Wrx0JurmaGFJD/uzgKzGevWxU=

esbuild-freebsd-arm64@0.14.48:
  version "0.14.48"
  resolved "https://artifactory.int.openbet.com:443/artifactory/api/npm/all-npm/esbuild-freebsd-arm64/-/esbuild-freebsd-arm64-0.14.48.tgz#e8c54c8637cd44feed967ea12338b0a4da3a7b11"
  integrity sha1-6MVMhjfNRP7tln6hIziwpNo6exE=

esbuild-linux-32@0.14.48:
  version "0.14.48"
  resolved "https://artifactory.int.openbet.com:443/artifactory/api/npm/all-npm/esbuild-linux-32/-/esbuild-linux-32-0.14.48.tgz#229cf3246de2b7937c3ac13fac622d4d7a1344c5"
  integrity sha1-IpzzJG3it5N8OsE/rGItTXoTRMU=

esbuild-linux-64@0.14.48:
  version "0.14.48"
  resolved "https://artifactory.int.openbet.com:443/artifactory/api/npm/all-npm/esbuild-linux-64/-/esbuild-linux-64-0.14.48.tgz#7c0e7226c02c42aacc5656c36977493dc1e96c4f"
  integrity sha1-fA5yJsAsQqrMVlbDaXdJPcHpbE8=

esbuild-linux-arm64@0.14.48:
  version "0.14.48"
  resolved "https://artifactory.int.openbet.com:443/artifactory/api/npm/all-npm/esbuild-linux-arm64/-/esbuild-linux-arm64-0.14.48.tgz#0af1eda474b5c6cc0cace8235b74d0cb8fcf57a7"
  integrity sha1-CvHtpHS1xswMrOgjW3TQy4/PV6c=

esbuild-linux-arm@0.14.48:
  version "0.14.48"
  resolved "https://artifactory.int.openbet.com:443/artifactory/api/npm/all-npm/esbuild-linux-arm/-/esbuild-linux-arm-0.14.48.tgz#de4d1fa6b77cdcd00e2bb43dd0801e4680f0ab52"
  integrity sha1-3k0fprd83NAOK7Q90IAeRoDwq1I=

esbuild-linux-mips64le@0.14.48:
  version "0.14.48"
  resolved "https://artifactory.int.openbet.com:443/artifactory/api/npm/all-npm/esbuild-linux-mips64le/-/esbuild-linux-mips64le-0.14.48.tgz#822c1778495f7868e990d4da47ad7281df28fd15"
  integrity sha1-giwXeElfeGjpkNTaR61ygd8o/RU=

esbuild-linux-ppc64le@0.14.48:
  version "0.14.48"
  resolved "https://artifactory.int.openbet.com:443/artifactory/api/npm/all-npm/esbuild-linux-ppc64le/-/esbuild-linux-ppc64le-0.14.48.tgz#55de0a9ec4a48fedfe82a63e083164d001709447"
  integrity sha1-Vd4KnsSkj+3+gqY+CDFk0AFwlEc=

esbuild-linux-riscv64@0.14.48:
  version "0.14.48"
  resolved "https://artifactory.int.openbet.com:443/artifactory/api/npm/all-npm/esbuild-linux-riscv64/-/esbuild-linux-riscv64-0.14.48.tgz#cd2b7381880b2f4b21a5a598fb673492120f18a5"
  integrity sha1-zStzgYgLL0shpaWY+2c0khIPGKU=

esbuild-linux-s390x@0.14.48:
  version "0.14.48"
  resolved "https://artifactory.int.openbet.com:443/artifactory/api/npm/all-npm/esbuild-linux-s390x/-/esbuild-linux-s390x-0.14.48.tgz#4b319eca2a5c64637fc7397ffbd9671719cdb6bf"
  integrity sha1-SzGeyipcZGN/xzl/+9lnFxnNtr8=

esbuild-netbsd-64@0.14.48:
  version "0.14.48"
  resolved "https://artifactory.int.openbet.com:443/artifactory/api/npm/all-npm/esbuild-netbsd-64/-/esbuild-netbsd-64-0.14.48.tgz#c27cde8b5cb55dcc227943a18ab078fb98d0adbf"
  integrity sha1-wnzei1y1XcwieUOhirB4+5jQrb8=

esbuild-openbsd-64@0.14.48:
  version "0.14.48"
  resolved "https://artifactory.int.openbet.com:443/artifactory/api/npm/all-npm/esbuild-openbsd-64/-/esbuild-openbsd-64-0.14.48.tgz#af5ab2d1cb41f09064bba9465fc8bf1309150df1"
  integrity sha1-r1qy0ctB8JBku6lGX8i/EwkVDfE=

esbuild-sunos-64@0.14.48:
  version "0.14.48"
  resolved "https://artifactory.int.openbet.com:443/artifactory/api/npm/all-npm/esbuild-sunos-64/-/esbuild-sunos-64-0.14.48.tgz#db3ae20526055cf6fd5c4582676233814603ac54"
  integrity sha1-2zriBSYFXPb9XEWCZ2IzgUYDrFQ=

esbuild-windows-32@0.14.48:
  version "0.14.48"
  resolved "https://artifactory.int.openbet.com:443/artifactory/api/npm/all-npm/esbuild-windows-32/-/esbuild-windows-32-0.14.48.tgz#021ffceb0a3f83078262870da88a912293c57475"
  integrity sha1-Ah/86wo/gweCYocNqIqRIpPFdHU=

esbuild-windows-64@0.14.48:
  version "0.14.48"
  resolved "https://artifactory.int.openbet.com:443/artifactory/api/npm/all-npm/esbuild-windows-64/-/esbuild-windows-64-0.14.48.tgz#a4d3407b580f9faac51f61eec095fa985fb3fee4"
  integrity sha1-pNNAe1gPn6rFH2HuwJX6mF+z/uQ=

esbuild-windows-arm64@0.14.48:
  version "0.14.48"
  resolved "https://artifactory.int.openbet.com:443/artifactory/api/npm/all-npm/esbuild-windows-arm64/-/esbuild-windows-arm64-0.14.48.tgz#762c0562127d8b09bfb70a3c816460742dd82880"
  integrity sha1-diwFYhJ9iwm/two8gWRgdC3YKIA=

esbuild@^0.14.27:
  version "0.14.48"
  resolved "https://artifactory.int.openbet.com:443/artifactory/api/npm/all-npm/esbuild/-/esbuild-0.14.48.tgz#da5d8d25cd2d940c45ea0cfecdca727f7aee2b85"
  integrity sha1-2l2NJc0tlAxF6gz+zcpyf3ruK4U=
  optionalDependencies:
    esbuild-android-64 "0.14.48"
    esbuild-android-arm64 "0.14.48"
    esbuild-darwin-64 "0.14.48"
    esbuild-darwin-arm64 "0.14.48"
    esbuild-freebsd-64 "0.14.48"
    esbuild-freebsd-arm64 "0.14.48"
    esbuild-linux-32 "0.14.48"
    esbuild-linux-64 "0.14.48"
    esbuild-linux-arm "0.14.48"
    esbuild-linux-arm64 "0.14.48"
    esbuild-linux-mips64le "0.14.48"
    esbuild-linux-ppc64le "0.14.48"
    esbuild-linux-riscv64 "0.14.48"
    esbuild-linux-s390x "0.14.48"
    esbuild-netbsd-64 "0.14.48"
    esbuild-openbsd-64 "0.14.48"
    esbuild-sunos-64 "0.14.48"
    esbuild-windows-32 "0.14.48"
    esbuild-windows-64 "0.14.48"
    esbuild-windows-arm64 "0.14.48"

estree-walker@^2.0.1:
  version "2.0.2"
  resolved "https://artifactory.int.openbet.com:443/artifactory/api/npm/all-npm/estree-walker/-/estree-walker-2.0.2.tgz#52f010178c2a4c117a7757cfe942adb7d2da4cac"
  integrity sha1-UvAQF4wqTBF6d1fP6UKtt9LaTKw=

fsevents@~2.3.2:
  version "2.3.2"
  resolved "https://artifactory.int.openbet.com:443/artifactory/api/npm/all-npm/fsevents/-/fsevents-2.3.2.tgz#8a526f78b8fdf4623b709e0b975c52c24c02fd1a"
  integrity sha1-ilJveLj99GI7cJ4Ll1xSwkwC/Ro=

function-bind@^1.1.1:
  version "1.1.1"
  resolved "https://artifactory.int.openbet.com:443/artifactory/api/npm/all-npm/function-bind/-/function-bind-1.1.1.tgz#a56899d3ea3c9bab874bb9773b7c5ede92f4895d"
  integrity sha1-pWiZ0+o8m6uHS7l3O3xe3pL0iV0=

has@^1.0.3:
  version "1.0.3"
  resolved "https://artifactory.int.openbet.com:443/artifactory/api/npm/all-npm/has/-/has-1.0.3.tgz#722d7cbfc1f6aa8241f16dd814e011e1f41e8796"
  integrity sha1-ci18v8H2qoJB8W3YFOAR4fQeh5Y=
  dependencies:
    function-bind "^1.1.1"

is-core-module@^2.9.0:
  version "2.9.0"
  resolved "https://artifactory.int.openbet.com:443/artifactory/api/npm/all-npm/is-core-module/-/is-core-module-2.9.0.tgz#e1c34429cd51c6dd9e09e0799e396e27b19a9c69"
  integrity sha1-4cNEKc1Rxt2eCeB5njluJ7GanGk=
  dependencies:
    has "^1.0.3"

kleur@^4.1.4:
  version "4.1.5"
  resolved "https://artifactory.int.openbet.com:443/artifactory/api/npm/all-npm/kleur/-/kleur-4.1.5.tgz#95106101795f7050c6c650f350c683febddb1780"
  integrity sha1-lRBhAXlfcFDGxlDzUMaD/r3bF4A=

magic-string@^0.26.2:
  version "0.26.2"
  resolved "https://artifactory.int.openbet.com:443/artifactory/api/npm/all-npm/magic-string/-/magic-string-0.26.2.tgz#5331700e4158cd6befda738bb6b0c7b93c0d4432"
  integrity sha1-UzFwDkFYzWvv2nOLtrDHuTwNRDI=
  dependencies:
    sourcemap-codec "^1.4.8"

ms@2.1.2:
  version "2.1.2"
  resolved "https://artifactory.int.openbet.com:443/artifactory/api/npm/all-npm/ms/-/ms-2.1.2.tgz#d09d1f357b443f493382a8eb3ccd183872ae6009"
  integrity sha1-0J0fNXtEP0kzgqjrPM0YOHKuYAk=

nanoid@^3.3.4:
  version "3.3.4"
  resolved "https://artifactory.int.openbet.com:443/artifactory/api/npm/all-npm/nanoid/-/nanoid-3.3.4.tgz#730b67e3cd09e2deacf03c027c81c9d9dbc5e8ab"
  integrity sha1-cwtn480J4t6s8DwCfIHJ2dvF6Ks=

path-parse@^1.0.7:
  version "1.0.7"
  resolved "https://artifactory.int.openbet.com:443/artifactory/api/npm/all-npm/path-parse/-/path-parse-1.0.7.tgz#fbc114b60ca42b30d9daf5858e4bd68bbedb6735"
  integrity sha1-+8EUtgykKzDZ2vWFjkvWi77bZzU=

picocolors@^1.0.0:
  version "1.0.0"
  resolved "https://artifactory.int.openbet.com:443/artifactory/api/npm/all-npm/picocolors/-/picocolors-1.0.0.tgz#cb5bdc74ff3f51892236eaf79d68bc44564ab81c"
  integrity sha1-y1vcdP8/UYkiNur3nWi8RFZKuBw=

picomatch@^2.2.2:
  version "2.3.1"
  resolved "https://artifactory.int.openbet.com:443/artifactory/api/npm/all-npm/picomatch/-/picomatch-2.3.1.tgz#3ba3833733646d9d3e4995946c1365a67fb07a42"
  integrity sha1-O6ODNzNkbZ0+SZWUbBNlpn+wekI=

postcss@^8.4.13:
  version "8.4.14"
  resolved "https://artifactory.int.openbet.com:443/artifactory/api/npm/all-npm/postcss/-/postcss-8.4.14.tgz#ee9274d5622b4858c1007a74d76e42e56fd21caf"
  integrity sha1-7pJ01WIrSFjBAHp0125C5W/SHK8=
  dependencies:
    nanoid "^3.3.4"
    picocolors "^1.0.0"
    source-map-js "^1.0.2"

resolve@^1.22.0:
  version "1.22.1"
  resolved "https://artifactory.int.openbet.com:443/artifactory/api/npm/all-npm/resolve/-/resolve-1.22.1.tgz#27cb2ebb53f91abb49470a928bba7558066ac177"
  integrity sha1-J8suu1P5GrtJRwqSi7p1WAZqwXc=
  dependencies:
    is-core-module "^2.9.0"
    path-parse "^1.0.7"
    supports-preserve-symlinks-flag "^1.0.0"

rollup@^2.59.0:
  version "2.76.0"
  resolved "https://artifactory.int.openbet.com:443/artifactory/api/npm/all-npm/rollup/-/rollup-2.76.0.tgz#c69fe03db530ac53fcb9523b3caa0d3c0b9491a1"
  integrity sha1-xp/gPbUwrFP8uVI7PKoNPAuUkaE=
  optionalDependencies:
    fsevents "~2.3.2"

source-map-js@^1.0.2:
  version "1.0.2"
  resolved "https://artifactory.int.openbet.com:443/artifactory/api/npm/all-npm/source-map-js/-/source-map-js-1.0.2.tgz#adbc361d9c62df380125e7f161f71c826f1e490c"
  integrity sha1-rbw2HZxi3zgBJefxYfccgm8eSQw=

sourcemap-codec@^1.4.8:
  version "1.4.8"
  resolved "https://artifactory.int.openbet.com:443/artifactory/api/npm/all-npm/sourcemap-codec/-/sourcemap-codec-1.4.8.tgz#ea804bd94857402e6992d05a38ef1ae35a9ab4c4"
  integrity sha1-6oBL2UhXQC5pktBaOO8a41qatMQ=

supports-preserve-symlinks-flag@^1.0.0:
  version "1.0.0"
  resolved "https://artifactory.int.openbet.com:443/artifactory/api/npm/all-npm/supports-preserve-symlinks-flag/-/supports-preserve-symlinks-flag-1.0.0.tgz#6eda4bd344a3c94aea376d4cc31bc77311039e09"
  integrity sha1-btpL00SjyUrqN21MwxvHcxEDngk=

svelte-hmr@^0.14.12:
  version "0.14.12"
  resolved "https://artifactory.int.openbet.com:443/artifactory/api/npm/all-npm/svelte-hmr/-/svelte-hmr-0.14.12.tgz#a127aec02f1896500b10148b2d4d21ddde39973f"
  integrity sha1-oSeuwC8YllALEBSLLU0h3d45lz8=

svelte@^3.44.0:
  version "3.49.0"
  resolved "https://artifactory.int.openbet.com:443/artifactory/api/npm/all-npm/svelte/-/svelte-3.49.0.tgz#5baee3c672306de1070c3b7888fc2204e36a4029"
  integrity sha1-W67jxnIwbeEHDDt4iPwiBONqQCk=

vite@^2.9.9:
  version "2.9.14"
  resolved "https://artifactory.int.openbet.com:443/artifactory/api/npm/all-npm/vite/-/vite-2.9.14.tgz#c438324c6594afd1050df3777da981dee988bb1b"
  integrity sha1-xDgyTGWUr9EFDfN3famB3umIuxs=
  dependencies:
    esbuild "^0.14.27"
    postcss "^8.4.13"
    resolve "^1.22.0"
    rollup "^2.59.0"
  optionalDependencies:
    fsevents "~2.3.2"
